// !$*UTF8*$!
{
	archiveVersion = 1;
	classes = {
	};
	objectVersion = 51;
	objects = {

/* Begin PBXBuildFile section */
		355E26EF72EC714E433B7E1B /* Pods_Sopt28th_iOS_Assignment.framework in Frameworks */ = {isa = PBXBuildFile; fileRef = 09E6369F2D1391E483BE8837 /* Pods_Sopt28th_iOS_Assignment.framework */; };
		4068909D261C49AC00B0F5AB /* SignUpViewController.swift in Sources */ = {isa = PBXBuildFile; fileRef = 4068909C261C49AC00B0F5AB /* SignUpViewController.swift */; };
		4081593B2624B0D000828B44 /* Home.storyboard in Resources */ = {isa = PBXBuildFile; fileRef = 4081593A2624B0D000828B44 /* Home.storyboard */; };
		4081593E2624B0FC00828B44 /* HomeViewController.swift in Sources */ = {isa = PBXBuildFile; fileRef = 4081593D2624B0FC00828B44 /* HomeViewController.swift */; };
		408159412624B2B500828B44 /* ChatRoom.storyboard in Resources */ = {isa = PBXBuildFile; fileRef = 408159402624B2B500828B44 /* ChatRoom.storyboard */; };
		408159442624B33D00828B44 /* ChatRoomViewController.swift in Sources */ = {isa = PBXBuildFile; fileRef = 408159432624B33D00828B44 /* ChatRoomViewController.swift */; };
		408159482624BA7900828B44 /* Sharp.storyboard in Resources */ = {isa = PBXBuildFile; fileRef = 408159472624BA7900828B44 /* Sharp.storyboard */; };
		4081594B2624BA9500828B44 /* SharpViewController.swift in Sources */ = {isa = PBXBuildFile; fileRef = 4081594A2624BA9500828B44 /* SharpViewController.swift */; };
		4081594E2624BAF800828B44 /* Shopping.storyboard in Resources */ = {isa = PBXBuildFile; fileRef = 4081594D2624BAF800828B44 /* Shopping.storyboard */; };
		408159512624BB0900828B44 /* ShoppingViewController.swift in Sources */ = {isa = PBXBuildFile; fileRef = 408159502624BB0900828B44 /* ShoppingViewController.swift */; };
		408159542624BB3700828B44 /* Setting.storyboard in Resources */ = {isa = PBXBuildFile; fileRef = 408159532624BB3700828B44 /* Setting.storyboard */; };
		408159572624BB4300828B44 /* SettingViewController.swift in Sources */ = {isa = PBXBuildFile; fileRef = 408159562624BB4300828B44 /* SettingViewController.swift */; };
		4081595A2624D52200828B44 /* ProfileViewController.swift in Sources */ = {isa = PBXBuildFile; fileRef = 408159592624D52200828B44 /* ProfileViewController.swift */; };
		40E27DA0261B547E00427513 /* AppDelegate.swift in Sources */ = {isa = PBXBuildFile; fileRef = 40E27D9F261B547E00427513 /* AppDelegate.swift */; };
		40E27DA2261B547E00427513 /* SceneDelegate.swift in Sources */ = {isa = PBXBuildFile; fileRef = 40E27DA1261B547E00427513 /* SceneDelegate.swift */; };
		40E27DA4261B547E00427513 /* MainViewController.swift in Sources */ = {isa = PBXBuildFile; fileRef = 40E27DA3261B547E00427513 /* MainViewController.swift */; };
		40E27DA7261B547E00427513 /* Main.storyboard in Resources */ = {isa = PBXBuildFile; fileRef = 40E27DA5261B547E00427513 /* Main.storyboard */; };
		40E27DA9261B548000427513 /* Assets.xcassets in Resources */ = {isa = PBXBuildFile; fileRef = 40E27DA8261B548000427513 /* Assets.xcassets */; };
		40E27DAC261B548000427513 /* LaunchScreen.storyboard in Resources */ = {isa = PBXBuildFile; fileRef = 40E27DAA261B548000427513 /* LaunchScreen.storyboard */; };
/* End PBXBuildFile section */

/* Begin PBXFileReference section */
		08B6D9758E63E48BA186AF18 /* Pods-Sopt28th_iOS_Assignment.debug.xcconfig */ = {isa = PBXFileReference; includeInIndex = 1; lastKnownFileType = text.xcconfig; name = "Pods-Sopt28th_iOS_Assignment.debug.xcconfig"; path = "Target Support Files/Pods-Sopt28th_iOS_Assignment/Pods-Sopt28th_iOS_Assignment.debug.xcconfig"; sourceTree = "<group>"; };
		09E6369F2D1391E483BE8837 /* Pods_Sopt28th_iOS_Assignment.framework */ = {isa = PBXFileReference; explicitFileType = wrapper.framework; includeInIndex = 0; path = Pods_Sopt28th_iOS_Assignment.framework; sourceTree = BUILT_PRODUCTS_DIR; };
		4068909C261C49AC00B0F5AB /* SignUpViewController.swift */ = {isa = PBXFileReference; lastKnownFileType = sourcecode.swift; path = SignUpViewController.swift; sourceTree = "<group>"; };
		4081593A2624B0D000828B44 /* Home.storyboard */ = {isa = PBXFileReference; lastKnownFileType = file.storyboard; path = Home.storyboard; sourceTree = "<group>"; };
		4081593D2624B0FC00828B44 /* HomeViewController.swift */ = {isa = PBXFileReference; lastKnownFileType = sourcecode.swift; path = HomeViewController.swift; sourceTree = "<group>"; };
		408159402624B2B500828B44 /* ChatRoom.storyboard */ = {isa = PBXFileReference; lastKnownFileType = file.storyboard; path = ChatRoom.storyboard; sourceTree = "<group>"; };
		408159432624B33D00828B44 /* ChatRoomViewController.swift */ = {isa = PBXFileReference; lastKnownFileType = sourcecode.swift; path = ChatRoomViewController.swift; sourceTree = "<group>"; };
		408159472624BA7900828B44 /* Sharp.storyboard */ = {isa = PBXFileReference; lastKnownFileType = file.storyboard; path = Sharp.storyboard; sourceTree = "<group>"; };
		4081594A2624BA9500828B44 /* SharpViewController.swift */ = {isa = PBXFileReference; lastKnownFileType = sourcecode.swift; path = SharpViewController.swift; sourceTree = "<group>"; };
		4081594D2624BAF800828B44 /* Shopping.storyboard */ = {isa = PBXFileReference; lastKnownFileType = file.storyboard; path = Shopping.storyboard; sourceTree = "<group>"; };
		408159502624BB0900828B44 /* ShoppingViewController.swift */ = {isa = PBXFileReference; lastKnownFileType = sourcecode.swift; path = ShoppingViewController.swift; sourceTree = "<group>"; };
		408159532624BB3700828B44 /* Setting.storyboard */ = {isa = PBXFileReference; lastKnownFileType = file.storyboard; path = Setting.storyboard; sourceTree = "<group>"; };
		408159562624BB4300828B44 /* SettingViewController.swift */ = {isa = PBXFileReference; lastKnownFileType = sourcecode.swift; path = SettingViewController.swift; sourceTree = "<group>"; };
		408159592624D52200828B44 /* ProfileViewController.swift */ = {isa = PBXFileReference; lastKnownFileType = sourcecode.swift; path = ProfileViewController.swift; sourceTree = "<group>"; };
		40E27D9C261B547E00427513 /* Sopt28th_iOS_Assignment.app */ = {isa = PBXFileReference; explicitFileType = wrapper.application; includeInIndex = 0; path = Sopt28th_iOS_Assignment.app; sourceTree = BUILT_PRODUCTS_DIR; };
		40E27D9F261B547E00427513 /* AppDelegate.swift */ = {isa = PBXFileReference; lastKnownFileType = sourcecode.swift; path = AppDelegate.swift; sourceTree = "<group>"; };
		40E27DA1261B547E00427513 /* SceneDelegate.swift */ = {isa = PBXFileReference; lastKnownFileType = sourcecode.swift; path = SceneDelegate.swift; sourceTree = "<group>"; };
		40E27DA3261B547E00427513 /* MainViewController.swift */ = {isa = PBXFileReference; lastKnownFileType = sourcecode.swift; path = MainViewController.swift; sourceTree = "<group>"; };
		40E27DA6261B547E00427513 /* Base */ = {isa = PBXFileReference; lastKnownFileType = file.storyboard; name = Base; path = Base.lproj/Main.storyboard; sourceTree = "<group>"; };
		40E27DA8261B548000427513 /* Assets.xcassets */ = {isa = PBXFileReference; lastKnownFileType = folder.assetcatalog; path = Assets.xcassets; sourceTree = "<group>"; };
		40E27DAB261B548000427513 /* Base */ = {isa = PBXFileReference; lastKnownFileType = file.storyboard; name = Base; path = Base.lproj/LaunchScreen.storyboard; sourceTree = "<group>"; };
		40E27DAD261B548000427513 /* Info.plist */ = {isa = PBXFileReference; lastKnownFileType = text.plist.xml; path = Info.plist; sourceTree = "<group>"; };
		DE1B2D7CFC30704C82A67CB6 /* Pods-Sopt28th_iOS_Assignment.release.xcconfig */ = {isa = PBXFileReference; includeInIndex = 1; lastKnownFileType = text.xcconfig; name = "Pods-Sopt28th_iOS_Assignment.release.xcconfig"; path = "Target Support Files/Pods-Sopt28th_iOS_Assignment/Pods-Sopt28th_iOS_Assignment.release.xcconfig"; sourceTree = "<group>"; };
/* End PBXFileReference section */

/* Begin PBXFrameworksBuildPhase section */
		40E27D99261B547E00427513 /* Frameworks */ = {
			isa = PBXFrameworksBuildPhase;
			buildActionMask = 2147483647;
			files = (
				355E26EF72EC714E433B7E1B /* Pods_Sopt28th_iOS_Assignment.framework in Frameworks */,
			);
			runOnlyForDeploymentPostprocessing = 0;
		};
/* End PBXFrameworksBuildPhase section */

/* Begin PBXGroup section */
		4035C6A12625B4BA000F7435 /* BeforeLogin */ = {
			isa = PBXGroup;
			children = (
				4068909C261C49AC00B0F5AB /* SignUpViewController.swift */,
				40E27DA3261B547E00427513 /* MainViewController.swift */,
				40E27DA5261B547E00427513 /* Main.storyboard */,
			);
			path = BeforeLogin;
			sourceTree = "<group>";
		};
		4035C6A22625B4DF000F7435 /* AfterLogin */ = {
			isa = PBXGroup;
			children = (
				408159532624BB3700828B44 /* Setting.storyboard */,
				408159562624BB4300828B44 /* SettingViewController.swift */,
				4081594D2624BAF800828B44 /* Shopping.storyboard */,
				408159502624BB0900828B44 /* ShoppingViewController.swift */,
				408159472624BA7900828B44 /* Sharp.storyboard */,
				4081594A2624BA9500828B44 /* SharpViewController.swift */,
				408159402624B2B500828B44 /* ChatRoom.storyboard */,
				408159432624B33D00828B44 /* ChatRoomViewController.swift */,
				4081593A2624B0D000828B44 /* Home.storyboard */,
				4081593D2624B0FC00828B44 /* HomeViewController.swift */,
				408159592624D52200828B44 /* ProfileViewController.swift */,
			);
			path = AfterLogin;
			sourceTree = "<group>";
		};
		40E27D93261B547E00427513 = {
			isa = PBXGroup;
			children = (
				40E27D9E261B547E00427513 /* Sopt28th_iOS_Assignment */,
				40E27D9D261B547E00427513 /* Products */,
				A8EFB7D8B2605E42664A22C1 /* Frameworks */,
				D032C4FD3C166AE90F2211C5 /* Pods */,
			);
			sourceTree = "<group>";
		};
		40E27D9D261B547E00427513 /* Products */ = {
			isa = PBXGroup;
			children = (
				40E27D9C261B547E00427513 /* Sopt28th_iOS_Assignment.app */,
			);
			name = Products;
			sourceTree = "<group>";
		};
		40E27D9E261B547E00427513 /* Sopt28th_iOS_Assignment */ = {
			isa = PBXGroup;
			children = (
				4035C6A22625B4DF000F7435 /* AfterLogin */,
				4035C6A12625B4BA000F7435 /* BeforeLogin */,
				40E27D9F261B547E00427513 /* AppDelegate.swift */,
				40E27DA1261B547E00427513 /* SceneDelegate.swift */,
				40E27DA8261B548000427513 /* Assets.xcassets */,
				40E27DAA261B548000427513 /* LaunchScreen.storyboard */,
				40E27DAD261B548000427513 /* Info.plist */,
			);
			path = Sopt28th_iOS_Assignment;
			sourceTree = "<group>";
		};
		A8EFB7D8B2605E42664A22C1 /* Frameworks */ = {
			isa = PBXGroup;
			children = (
				09E6369F2D1391E483BE8837 /* Pods_Sopt28th_iOS_Assignment.framework */,
			);
			name = Frameworks;
			sourceTree = "<group>";
		};
		D032C4FD3C166AE90F2211C5 /* Pods */ = {
			isa = PBXGroup;
			children = (
				08B6D9758E63E48BA186AF18 /* Pods-Sopt28th_iOS_Assignment.debug.xcconfig */,
				DE1B2D7CFC30704C82A67CB6 /* Pods-Sopt28th_iOS_Assignment.release.xcconfig */,
			);
			name = Pods;
			path = Pods;
			sourceTree = "<group>";
		};
/* End PBXGroup section */

/* Begin PBXNativeTarget section */
		40E27D9B261B547E00427513 /* Sopt28th_iOS_Assignment */ = {
			isa = PBXNativeTarget;
			buildConfigurationList = 40E27DB0261B548000427513 /* Build configuration list for PBXNativeTarget "Sopt28th_iOS_Assignment" */;
			buildPhases = (
				72E8430FD3CD367F6F7C7EE6 /* [CP] Check Pods Manifest.lock */,
				40E27D98261B547E00427513 /* Sources */,
				40E27D99261B547E00427513 /* Frameworks */,
				40E27D9A261B547E00427513 /* Resources */,
				1706669EA08693B16E693AED /* [CP] Embed Pods Frameworks */,
			);
			buildRules = (
			);
			dependencies = (
			);
			name = Sopt28th_iOS_Assignment;
			productName = Sopt28th_iOS_Assignment_1;
			productReference = 40E27D9C261B547E00427513 /* Sopt28th_iOS_Assignment.app */;
			productType = "com.apple.product-type.application";
		};
/* End PBXNativeTarget section */

/* Begin PBXProject section */
		40E27D94261B547E00427513 /* Project object */ = {
			isa = PBXProject;
			attributes = {
				LastSwiftUpdateCheck = 1240;
				LastUpgradeCheck = 1240;
				TargetAttributes = {
					40E27D9B261B547E00427513 = {
						CreatedOnToolsVersion = 12.4;
					};
				};
			};
			buildConfigurationList = 40E27D97261B547E00427513 /* Build configuration list for PBXProject "Sopt28th_iOS_Assignment" */;
			compatibilityVersion = "Xcode 9.3";
			developmentRegion = en;
			hasScannedForEncodings = 0;
			knownRegions = (
				en,
				Base,
			);
			mainGroup = 40E27D93261B547E00427513;
			productRefGroup = 40E27D9D261B547E00427513 /* Products */;
			projectDirPath = "";
			projectRoot = "";
			targets = (
				40E27D9B261B547E00427513 /* Sopt28th_iOS_Assignment */,
			);
		};
/* End PBXProject section */

/* Begin PBXResourcesBuildPhase section */
		40E27D9A261B547E00427513 /* Resources */ = {
			isa = PBXResourcesBuildPhase;
			buildActionMask = 2147483647;
			files = (
				40E27DAC261B548000427513 /* LaunchScreen.storyboard in Resources */,
				408159412624B2B500828B44 /* ChatRoom.storyboard in Resources */,
				40E27DA9261B548000427513 /* Assets.xcassets in Resources */,
				40E27DA7261B547E00427513 /* Main.storyboard in Resources */,
				4081593B2624B0D000828B44 /* Home.storyboard in Resources */,
				408159482624BA7900828B44 /* Sharp.storyboard in Resources */,
				4081594E2624BAF800828B44 /* Shopping.storyboard in Resources */,
				408159542624BB3700828B44 /* Setting.storyboard in Resources */,
			);
			runOnlyForDeploymentPostprocessing = 0;
		};
/* End PBXResourcesBuildPhase section */

/* Begin PBXShellScriptBuildPhase section */
		1706669EA08693B16E693AED /* [CP] Embed Pods Frameworks */ = {
			isa = PBXShellScriptBuildPhase;
			buildActionMask = 2147483647;
			files = (
			);
			inputFileListPaths = (
				"${PODS_ROOT}/Target Support Files/Pods-Sopt28th_iOS_Assignment/Pods-Sopt28th_iOS_Assignment-frameworks-${CONFIGURATION}-input-files.xcfilelist",
			);
			name = "[CP] Embed Pods Frameworks";
			outputFileListPaths = (
				"${PODS_ROOT}/Target Support Files/Pods-Sopt28th_iOS_Assignment/Pods-Sopt28th_iOS_Assignment-frameworks-${CONFIGURATION}-output-files.xcfilelist",
			);
			runOnlyForDeploymentPostprocessing = 0;
			shellPath = /bin/sh;
			shellScript = "\"${PODS_ROOT}/Target Support Files/Pods-Sopt28th_iOS_Assignment/Pods-Sopt28th_iOS_Assignment-frameworks.sh\"\n";
			showEnvVarsInLog = 0;
		};
		72E8430FD3CD367F6F7C7EE6 /* [CP] Check Pods Manifest.lock */ = {
			isa = PBXShellScriptBuildPhase;
			buildActionMask = 2147483647;
			files = (
			);
			inputFileListPaths = (
			);
			inputPaths = (
				"${PODS_PODFILE_DIR_PATH}/Podfile.lock",
				"${PODS_ROOT}/Manifest.lock",
			);
			name = "[CP] Check Pods Manifest.lock";
			outputFileListPaths = (
			);
			outputPaths = (
				"$(DERIVED_FILE_DIR)/Pods-Sopt28th_iOS_Assignment-checkManifestLockResult.txt",
			);
			runOnlyForDeploymentPostprocessing = 0;
			shellPath = /bin/sh;
			shellScript = "diff \"${PODS_PODFILE_DIR_PATH}/Podfile.lock\" \"${PODS_ROOT}/Manifest.lock\" > /dev/null\nif [ $? != 0 ] ; then\n    # print error to STDERR\n    echo \"error: The sandbox is not in sync with the Podfile.lock. Run 'pod install' or update your CocoaPods installation.\" >&2\n    exit 1\nfi\n# This output is used by Xcode 'outputs' to avoid re-running this script phase.\necho \"SUCCESS\" > \"${SCRIPT_OUTPUT_FILE_0}\"\n";
			showEnvVarsInLog = 0;
		};
/* End PBXShellScriptBuildPhase section */

/* Begin PBXSourcesBuildPhase section */
		40E27D98261B547E00427513 /* Sources */ = {
			isa = PBXSourcesBuildPhase;
			buildActionMask = 2147483647;
			files = (
				408159442624B33D00828B44 /* ChatRoomViewController.swift in Sources */,
				40E27DA4261B547E00427513 /* MainViewController.swift in Sources */,
				4081595A2624D52200828B44 /* ProfileViewController.swift in Sources */,
				40E27DA0261B547E00427513 /* AppDelegate.swift in Sources */,
				4068909D261C49AC00B0F5AB /* SignUpViewController.swift in Sources */,
				40E27DA2261B547E00427513 /* SceneDelegate.swift in Sources */,
				408159572624BB4300828B44 /* SettingViewController.swift in Sources */,
				4081594B2624BA9500828B44 /* SharpViewController.swift in Sources */,
				408159512624BB0900828B44 /* ShoppingViewController.swift in Sources */,
				4081593E2624B0FC00828B44 /* HomeViewController.swift in Sources */,
			);
			runOnlyForDeploymentPostprocessing = 0;
		};
/* End PBXSourcesBuildPhase section */

/* Begin PBXVariantGroup section */
		40E27DA5261B547E00427513 /* Main.storyboard */ = {
			isa = PBXVariantGroup;
			children = (
				40E27DA6261B547E00427513 /* Base */,
			);
			name = Main.storyboard;
			sourceTree = "<group>";
		};
		40E27DAA261B548000427513 /* LaunchScreen.storyboard */ = {
			isa = PBXVariantGroup;
			children = (
				40E27DAB261B548000427513 /* Base */,
			);
			name = LaunchScreen.storyboard;
			sourceTree = "<group>";
		};
/* End PBXVariantGroup section */

/* Begin XCBuildConfiguration section */
		40E27DAE261B548000427513 /* Debug */ = {
			isa = XCBuildConfiguration;
			buildSettings = {
				ALWAYS_SEARCH_USER_PATHS = NO;
				CLANG_ANALYZER_NONNULL = YES;
				CLANG_ANALYZER_NUMBER_OBJECT_CONVERSION = YES_AGGRESSIVE;
				CLANG_CXX_LANGUAGE_STANDARD = "gnu++14";
				CLANG_CXX_LIBRARY = "libc++";
				CLANG_ENABLE_MODULES = YES;
				CLANG_ENABLE_OBJC_ARC = YES;
				CLANG_ENABLE_OBJC_WEAK = YES;
				CLANG_WARN_BLOCK_CAPTURE_AUTORELEASING = YES;
				CLANG_WARN_BOOL_CONVERSION = YES;
				CLANG_WARN_COMMA = YES;
				CLANG_WARN_CONSTANT_CONVERSION = YES;
				CLANG_WARN_DEPRECATED_OBJC_IMPLEMENTATIONS = YES;
				CLANG_WARN_DIRECT_OBJC_ISA_USAGE = YES_ERROR;
				CLANG_WARN_DOCUMENTATION_COMMENTS = YES;
				CLANG_WARN_EMPTY_BODY = YES;
				CLANG_WARN_ENUM_CONVERSION = YES;
				CLANG_WARN_INFINITE_RECURSION = YES;
				CLANG_WARN_INT_CONVERSION = YES;
				CLANG_WARN_NON_LITERAL_NULL_CONVERSION = YES;
				CLANG_WARN_OBJC_IMPLICIT_RETAIN_SELF = YES;
				CLANG_WARN_OBJC_LITERAL_CONVERSION = YES;
				CLANG_WARN_OBJC_ROOT_CLASS = YES_ERROR;
				CLANG_WARN_QUOTED_INCLUDE_IN_FRAMEWORK_HEADER = YES;
				CLANG_WARN_RANGE_LOOP_ANALYSIS = YES;
				CLANG_WARN_STRICT_PROTOTYPES = YES;
				CLANG_WARN_SUSPICIOUS_MOVE = YES;
				CLANG_WARN_UNGUARDED_AVAILABILITY = YES_AGGRESSIVE;
				CLANG_WARN_UNREACHABLE_CODE = YES;
				CLANG_WARN__DUPLICATE_METHOD_MATCH = YES;
				COPY_PHASE_STRIP = NO;
				DEBUG_INFORMATION_FORMAT = dwarf;
				ENABLE_STRICT_OBJC_MSGSEND = YES;
				ENABLE_TESTABILITY = YES;
				GCC_C_LANGUAGE_STANDARD = gnu11;
				GCC_DYNAMIC_NO_PIC = NO;
				GCC_NO_COMMON_BLOCKS = YES;
				GCC_OPTIMIZATION_LEVEL = 0;
				GCC_PREPROCESSOR_DEFINITIONS = (
					"DEBUG=1",
					"$(inherited)",
				);
				GCC_WARN_64_TO_32_BIT_CONVERSION = YES;
				GCC_WARN_ABOUT_RETURN_TYPE = YES_ERROR;
				GCC_WARN_UNDECLARED_SELECTOR = YES;
				GCC_WARN_UNINITIALIZED_AUTOS = YES_AGGRESSIVE;
				GCC_WARN_UNUSED_FUNCTION = YES;
				GCC_WARN_UNUSED_VARIABLE = YES;
				IPHONEOS_DEPLOYMENT_TARGET = 14.4;
				MTL_ENABLE_DEBUG_INFO = INCLUDE_SOURCE;
				MTL_FAST_MATH = YES;
				ONLY_ACTIVE_ARCH = YES;
				SDKROOT = iphoneos;
				SWIFT_ACTIVE_COMPILATION_CONDITIONS = DEBUG;
				SWIFT_OPTIMIZATION_LEVEL = "-Onone";
			};
			name = Debug;
		};
		40E27DAF261B548000427513 /* Release */ = {
			isa = XCBuildConfiguration;
			buildSettings = {
				ALWAYS_SEARCH_USER_PATHS = NO;
				CLANG_ANALYZER_NONNULL = YES;
				CLANG_ANALYZER_NUMBER_OBJECT_CONVERSION = YES_AGGRESSIVE;
				CLANG_CXX_LANGUAGE_STANDARD = "gnu++14";
				CLANG_CXX_LIBRARY = "libc++";
				CLANG_ENABLE_MODULES = YES;
				CLANG_ENABLE_OBJC_ARC = YES;
				CLANG_ENABLE_OBJC_WEAK = YES;
				CLANG_WARN_BLOCK_CAPTURE_AUTORELEASING = YES;
				CLANG_WARN_BOOL_CONVERSION = YES;
				CLANG_WARN_COMMA = YES;
				CLANG_WARN_CONSTANT_CONVERSION = YES;
				CLANG_WARN_DEPRECATED_OBJC_IMPLEMENTATIONS = YES;
				CLANG_WARN_DIRECT_OBJC_ISA_USAGE = YES_ERROR;
				CLANG_WARN_DOCUMENTATION_COMMENTS = YES;
				CLANG_WARN_EMPTY_BODY = YES;
				CLANG_WARN_ENUM_CONVERSION = YES;
				CLANG_WARN_INFINITE_RECURSION = YES;
				CLANG_WARN_INT_CONVERSION = YES;
				CLANG_WARN_NON_LITERAL_NULL_CONVERSION = YES;
				CLANG_WARN_OBJC_IMPLICIT_RETAIN_SELF = YES;
				CLANG_WARN_OBJC_LITERAL_CONVERSION = YES;
				CLANG_WARN_OBJC_ROOT_CLASS = YES_ERROR;
				CLANG_WARN_QUOTED_INCLUDE_IN_FRAMEWORK_HEADER = YES;
				CLANG_WARN_RANGE_LOOP_ANALYSIS = YES;
				CLANG_WARN_STRICT_PROTOTYPES = YES;
				CLANG_WARN_SUSPICIOUS_MOVE = YES;
				CLANG_WARN_UNGUARDED_AVAILABILITY = YES_AGGRESSIVE;
				CLANG_WARN_UNREACHABLE_CODE = YES;
				CLANG_WARN__DUPLICATE_METHOD_MATCH = YES;
				COPY_PHASE_STRIP = NO;
				DEBUG_INFORMATION_FORMAT = "dwarf-with-dsym";
				ENABLE_NS_ASSERTIONS = NO;
				ENABLE_STRICT_OBJC_MSGSEND = YES;
				GCC_C_LANGUAGE_STANDARD = gnu11;
				GCC_NO_COMMON_BLOCKS = YES;
				GCC_WARN_64_TO_32_BIT_CONVERSION = YES;
				GCC_WARN_ABOUT_RETURN_TYPE = YES_ERROR;
				GCC_WARN_UNDECLARED_SELECTOR = YES;
				GCC_WARN_UNINITIALIZED_AUTOS = YES_AGGRESSIVE;
				GCC_WARN_UNUSED_FUNCTION = YES;
				GCC_WARN_UNUSED_VARIABLE = YES;
				IPHONEOS_DEPLOYMENT_TARGET = 14.4;
				MTL_ENABLE_DEBUG_INFO = NO;
				MTL_FAST_MATH = YES;
				SDKROOT = iphoneos;
				SWIFT_COMPILATION_MODE = wholemodule;
				SWIFT_OPTIMIZATION_LEVEL = "-O";
				VALIDATE_PRODUCT = YES;
			};
			name = Release;
		};
		40E27DB1261B548000427513 /* Debug */ = {
			isa = XCBuildConfiguration;
			baseConfigurationReference = 08B6D9758E63E48BA186AF18 /* Pods-Sopt28th_iOS_Assignment.debug.xcconfig */;
			buildSettings = {
				ASSETCATALOG_COMPILER_APPICON_NAME = AppIcon;
				ASSETCATALOG_COMPILER_GLOBAL_ACCENT_COLOR_NAME = AccentColor;
				CODE_SIGN_STYLE = Automatic;
				DEVELOPMENT_TEAM = 3TAJ2UVSWN;
				INFOPLIST_FILE = Sopt28th_iOS_Assignment/Info.plist;
				IPHONEOS_DEPLOYMENT_TARGET = 13.0;
				LD_RUNPATH_SEARCH_PATHS = (
					"$(inherited)",
					"@executable_path/Frameworks",
				);
				PRODUCT_BUNDLE_IDENTIFIER = "com.SJHAN.Sopt28th-iOS-Assignment";
				PRODUCT_NAME = "$(TARGET_NAME)";
				SWIFT_VERSION = 5.0;
				TARGETED_DEVICE_FAMILY = "1,2";
			};
			name = Debug;
		};
		40E27DB2261B548000427513 /* Release */ = {
			isa = XCBuildConfiguration;
			baseConfigurationReference = DE1B2D7CFC30704C82A67CB6 /* Pods-Sopt28th_iOS_Assignment.release.xcconfig */;
			buildSettings = {
				ASSETCATALOG_COMPILER_APPICON_NAME = AppIcon;
				ASSETCATALOG_COMPILER_GLOBAL_ACCENT_COLOR_NAME = AccentColor;
				CODE_SIGN_STYLE = Automatic;
				DEVELOPMENT_TEAM = 3TAJ2UVSWN;
				INFOPLIST_FILE = Sopt28th_iOS_Assignment/Info.plist;
				IPHONEOS_DEPLOYMENT_TARGET = 13.0;
				LD_RUNPATH_SEARCH_PATHS = (
					"$(inherited)",
					"@executable_path/Frameworks",
				);
				PRODUCT_BUNDLE_IDENTIFIER = "com.SJHAN.Sopt28th-iOS-Assignment";
				PRODUCT_NAME = "$(TARGET_NAME)";
				SWIFT_VERSION = 5.0;
				TARGETED_DEVICE_FAMILY = "1,2";
			};
			name = Release;
		};
/* End XCBuildConfiguration section */

/* Begin XCConfigurationList section */
		40E27D97261B547E00427513 /* Build configuration list for PBXProject "Sopt28th_iOS_Assignment" */ = {
			isa = XCConfigurationList;
			buildConfigurations = (
				40E27DAE261B548000427513 /* Debug */,
				40E27DAF261B548000427513 /* Release */,
			);
			defaultConfigurationIsVisible = 0;
			defaultConfigurationName = Release;
		};
		40E27DB0261B548000427513 /* Build configuration list for PBXNativeTarget "Sopt28th_iOS_Assignment" */ = {
			isa = XCConfigurationList;
			buildConfigurations = (
				40E27DB1261B548000427513 /* Debug */,
				40E27DB2261B548000427513 /* Release */,
			);
			defaultConfigurationIsVisible = 0;
			defaultConfigurationName = Release;
		};
/* End XCConfigurationList section */
	};
	rootObject = 40E27D94261B547E00427513 /* Project object */;
}
