PODS:
  - Alamofire (5.4.3)
  - TextFieldEffects (1.6.0)

DEPENDENCIES:
  - Alamofire
  - TextFieldEffects

SPEC REPOS:
  trunk:
    - Alamofire
    - TextFieldEffects

SPEC CHECKSUMS:
  Alamofire: e447a2774a40c996748296fa2c55112fdbbc42f9
  TextFieldEffects: 529b8aff706fb40f82c41c780c0777941a893796

PODFILE CHECKSUM: 8d55161998d0f011ccbaae71995d4ee70371dee4

COCOAPODS: 1.10.1
